
Microsoft Visual Studio Solution File, Format Version 12.00
# Visual Studio Version 17
VisualStudioVersion = 17.10.35122.118
MinimumVisualStudioVersion = 10.0.40219.1
Project("{FAE04EC0-301F-11D3-BF4B-00C04F79EFBC}") = "ClassTemelleri", "ClassTemelleri\ClassTemelleri.csproj", "{DDEE6455-099D-41D8-AFBE-2BA0E4ADB69F}"
EndProject
Global
	GlobalSection(SolutionConfigurationPlatforms) = preSolution
		Debug|Any CPU = Debug|Any CPU
		Release|Any CPU = Release|Any CPU
	EndGlobalSection
	GlobalSection(ProjectConfigurationPlatforms) = postSolution
		{DDEE6455-099D-41D8-AFBE-2BA0E4ADB69F}.Debug|Any CPU.ActiveCfg = Debug|Any CPU
		{DDEE6455-099D-41D8-AFBE-2BA0E4ADB69F}.Debug|Any CPU.Build.0 = Debug|Any CPU
		{DDEE6455-099D-41D8-AFBE-2BA0E4ADB69F}.Release|Any CPU.ActiveCfg = Release|Any CPU
		{DDEE6455-099D-41D8-AFBE-2BA0E4ADB69F}.Release|Any CPU.Build.0 = Release|Any CPU
	EndGlobalSection
	GlobalSection(SolutionProperties) = preSolution
		HideSolutionNode = FALSE
	EndGlobalSection
	GlobalSection(ExtensibilityGlobals) = postSolution
		SolutionGuid = {1E14E217-A61B-4DDA-85F2-FFFA9B3A569A}
	EndGlobalSection
EndGlobal
